# This file is autogenerated, do not edit; changes may be undone by the next 'dep ensure'.


[[projects]]
  name = "github.com/nats-io/go-nats"
  packages = [".","encoders/builtin","util"]
  revision = "29f9728a183bf3fa7e809e14edac00b33be72088"
  version = "v1.3.0"

[[projects]]
  name = "github.com/nats-io/nuid"
  packages = ["."]
  revision = "289cccf02c178dc782430d534e3c1f5b72af807f"
  version = "v1.0.0"

[[projects]]
  branch = "master"
  name = "github.com/regner/albiondata-client"
  packages = ["lib"]
  revision = "81ba245ed112cbd586a45e866561a354d3115337"

[solve-meta]
  analyzer-name = "dep"
  analyzer-version = 1
  inputs-digest = "4107e3bdd588660678532d1cc68a3182f8e7e3ec238e33b0451891aafa4bf7f6"
  solver-name = "gps-cdcl"
  solver-version = 1
